// !$*UTF8*$!
{
	archiveVersion = 1;
	classes = {
	};
	objectVersion = 46;
	objects = {

/* Begin PBXBuildFile section */
		113B2DD51A35E594007E67C6 /* AppDelegate.swift in Sources */ = {isa = PBXBuildFile; fileRef = 113B2DD41A35E594007E67C6 /* AppDelegate.swift */; };
		113B2DD71A35E594007E67C6 /* ViewController.swift in Sources */ = {isa = PBXBuildFile; fileRef = 113B2DD61A35E594007E67C6 /* ViewController.swift */; };
		113B2DDA1A35E594007E67C6 /* Main.storyboard in Resources */ = {isa = PBXBuildFile; fileRef = 113B2DD81A35E594007E67C6 /* Main.storyboard */; };
		113B2DDC1A35E594007E67C6 /* Images.xcassets in Resources */ = {isa = PBXBuildFile; fileRef = 113B2DDB1A35E594007E67C6 /* Images.xcassets */; };
		113B2DDF1A35E594007E67C6 /* LaunchScreen.xib in Resources */ = {isa = PBXBuildFile; fileRef = 113B2DDD1A35E594007E67C6 /* LaunchScreen.xib */; };
		113B2DEB1A35E594007E67C6 /* PlayDiceTests.swift in Sources */ = {isa = PBXBuildFile; fileRef = 113B2DEA1A35E594007E67C6 /* PlayDiceTests.swift */; };
/* End PBXBuildFile section */

/* Begin PBXContainerItemProxy section */
		113B2DE51A35E594007E67C6 /* PBXContainerItemProxy */ = {
			isa = PBXContainerItemProxy;
			containerPortal = 113B2DC71A35E594007E67C6 /* Project object */;
			proxyType = 1;
			remoteGlobalIDString = 113B2DCE1A35E594007E67C6;
			remoteInfo = PlayDice;
		};
/* End PBXContainerItemProxy section */

/* Begin PBXFileReference section */
		113B2DCF1A35E594007E67C6 /* PlayDice.app */ = {isa = PBXFileReference; explicitFileType = wrapper.application; includeInIndex = 0; path = PlayDice.app; sourceTree = BUILT_PRODUCTS_DIR; };
		113B2DD31A35E594007E67C6 /* Info.plist */ = {isa = PBXFileReference; lastKnownFileType = text.plist.xml; path = Info.plist; sourceTree = "<group>"; };
		113B2DD41A35E594007E67C6 /* AppDelegate.swift */ = {isa = PBXFileReference; lastKnownFileType = sourcecode.swift; path = AppDelegate.swift; sourceTree = "<group>"; };
		113B2DD61A35E594007E67C6 /* ViewController.swift */ = {isa = PBXFileReference; lastKnownFileType = sourcecode.swift; path = ViewController.swift; sourceTree = "<group>"; };
		113B2DD91A35E594007E67C6 /* Base */ = {isa = PBXFileReference; lastKnownFileType = file.storyboard; name = Base; path = Base.lproj/Main.storyboard; sourceTree = "<group>"; };
		113B2DDB1A35E594007E67C6 /* Images.xcassets */ = {isa = PBXFileReference; lastKnownFileType = folder.assetcatalog; path = Images.xcassets; sourceTree = "<group>"; };
		113B2DDE1A35E594007E67C6 /* Base */ = {isa = PBXFileReference; lastKnownFileType = file.xib; name = Base; path = Base.lproj/LaunchScreen.xib; sourceTree = "<group>"; };
		113B2DE41A35E594007E67C6 /* PlayDiceTests.xctest */ = {isa = PBXFileReference; explicitFileType = wrapper.cfbundle; includeInIndex = 0; path = PlayDiceTests.xctest; sourceTree = BUILT_PRODUCTS_DIR; };
		113B2DE91A35E594007E67C6 /* Info.plist */ = {isa = PBXFileReference; lastKnownFileType = text.plist.xml; path = Info.plist; sourceTree = "<group>"; };
		113B2DEA1A35E594007E67C6 /* PlayDiceTests.swift */ = {isa = PBXFileReference; lastKnownFileType = sourcecode.swift; path = PlayDiceTests.swift; sourceTree = "<group>"; };
/* End PBXFileReference section */

/* Begin PBXFrameworksBuildPhase section */
		113B2DCC1A35E594007E67C6 /* Frameworks */ = {
			isa = PBXFrameworksBuildPhase;
			buildActionMask = 2147483647;
			files = (
			);
			runOnlyForDeploymentPostprocessing = 0;
		};
		113B2DE11A35E594007E67C6 /* Frameworks */ = {
			isa = PBXFrameworksBuildPhase;
			buildActionMask = 2147483647;
			files = (
			);
			runOnlyForDeploymentPostprocessing = 0;
		};
/* End PBXFrameworksBuildPhase section */

/* Begin PBXGroup section */
		113B2DC61A35E594007E67C6 = {
			isa = PBXGroup;
			children = (
				113B2DD11A35E594007E67C6 /* PlayDice */,
				113B2DE71A35E594007E67C6 /* PlayDiceTests */,
				113B2DD01A35E594007E67C6 /* Products */,
			);
			sourceTree = "<group>";
		};
		113B2DD01A35E594007E67C6 /* Products */ = {
			isa = PBXGroup;
			children = (
				113B2DCF1A35E594007E67C6 /* PlayDice.app */,
				113B2DE41A35E594007E67C6 /* PlayDiceTests.xctest */,
			);
			name = Products;
			sourceTree = "<group>";
		};
		113B2DD11A35E594007E67C6 /* PlayDice */ = {
			isa = PBXGroup;
			children = (
				113B2DD41A35E594007E67C6 /* AppDelegate.swift */,
				113B2DD61A35E594007E67C6 /* ViewController.swift */,
				113B2DD81A35E594007E67C6 /* Main.storyboard */,
				113B2DDB1A35E594007E67C6 /* Images.xcassets */,
				113B2DDD1A35E594007E67C6 /* LaunchScreen.xib */,
				113B2DD21A35E594007E67C6 /* Supporting Files */,
			);
			path = PlayDice;
			sourceTree = "<group>";
		};
		113B2DD21A35E594007E67C6 /* Supporting Files */ = {
			isa = PBXGroup;
			children = (
				113B2DD31A35E594007E67C6 /* Info.plist */,
			);
			name = "Supporting Files";
			sourceTree = "<group>";
		};
		113B2DE71A35E594007E67C6 /* PlayDiceTests */ = {
			isa = PBXGroup;
			children = (
				113B2DEA1A35E594007E67C6 /* PlayDiceTests.swift */,
				113B2DE81A35E594007E67C6 /* Supporting Files */,
			);
			path = PlayDiceTests;
			sourceTree = "<group>";
		};
		113B2DE81A35E594007E67C6 /* Supporting Files */ = {
			isa = PBXGroup;
			children = (
				113B2DE91A35E594007E67C6 /* Info.plist */,
			);
			name = "Supporting Files";
			sourceTree = "<group>";
		};
/* End PBXGroup section */

/* Begin PBXNativeTarget section */
		113B2DCE1A35E594007E67C6 /* PlayDice */ = {
			isa = PBXNativeTarget;
			buildConfigurationList = 113B2DEE1A35E594007E67C6 /* Build configuration list for PBXNativeTarget "PlayDice" */;
			buildPhases = (
				113B2DCB1A35E594007E67C6 /* Sources */,
				113B2DCC1A35E594007E67C6 /* Frameworks */,
				113B2DCD1A35E594007E67C6 /* Resources */,
			);
			buildRules = (
			);
			dependencies = (
			);
			name = PlayDice;
			productName = PlayDice;
			productReference = 113B2DCF1A35E594007E67C6 /* PlayDice.app */;
			productType = "com.apple.product-type.application";
		};
		113B2DE31A35E594007E67C6 /* PlayDiceTests */ = {
			isa = PBXNativeTarget;
			buildConfigurationList = 113B2DF11A35E594007E67C6 /* Build configuration list for PBXNativeTarget "PlayDiceTests" */;
			buildPhases = (
				113B2DE01A35E594007E67C6 /* Sources */,
				113B2DE11A35E594007E67C6 /* Frameworks */,
				113B2DE21A35E594007E67C6 /* Resources */,
			);
			buildRules = (
			);
			dependencies = (
				113B2DE61A35E594007E67C6 /* PBXTargetDependency */,
			);
			name = PlayDiceTests;
			productName = PlayDiceTests;
			productReference = 113B2DE41A35E594007E67C6 /* PlayDiceTests.xctest */;
			productType = "com.apple.product-type.bundle.unit-test";
		};
/* End PBXNativeTarget section */

/* Begin PBXProject section */
		113B2DC71A35E594007E67C6 /* Project object */ = {
			isa = PBXProject;
			attributes = {
				LastUpgradeCheck = 0610;
				ORGANIZATIONNAME = lsw;
				TargetAttributes = {
					113B2DCE1A35E594007E67C6 = {
						CreatedOnToolsVersion = 6.1.1;
					};
					113B2DE31A35E594007E67C6 = {
						CreatedOnToolsVersion = 6.1.1;
						TestTargetID = 113B2DCE1A35E594007E67C6;
					};
				};
			};
			buildConfigurationList = 113B2DCA1A35E594007E67C6 /* Build configuration list for PBXProject "PlayDice" */;
			compatibilityVersion = "Xcode 3.2";
			developmentRegion = English;
			hasScannedForEncodings = 0;
			knownRegions = (
				en,
				Base,
			);
			mainGroup = 113B2DC61A35E594007E67C6;
			productRefGroup = 113B2DD01A35E594007E67C6 /* Products */;
			projectDirPath = "";
			projectRoot = "";
			targets = (
				113B2DCE1A35E594007E67C6 /* PlayDice */,
				113B2DE31A35E594007E67C6 /* PlayDiceTests */,
			);
		};
/* End PBXProject section */

/* Begin PBXResourcesBuildPhase section */
		113B2DCD1A35E594007E67C6 /* Resources */ = {
			isa = PBXResourcesBuildPhase;
			buildActionMask = 2147483647;
			files = (
				113B2DDA1A35E594007E67C6 /* Main.storyboard in Resources */,
				113B2DDF1A35E594007E67C6 /* LaunchScreen.xib in Resources */,
				113B2DDC1A35E594007E67C6 /* Images.xcassets in Resources */,
			);
			runOnlyForDeploymentPostprocessing = 0;
		};
		113B2DE21A35E594007E67C6 /* Resources */ = {
			isa = PBXResourcesBuildPhase;
			buildActionMask = 2147483647;
			files = (
			);
			runOnlyForDeploymentPostprocessing = 0;
		};
/* End PBXResourcesBuildPhase section */

/* Begin PBXSourcesBuildPhase section */
		113B2DCB1A35E594007E67C6 /* Sources */ = {
			isa = PBXSourcesBuildPhase;
			buildActionMask = 2147483647;
			files = (
				113B2DD71A35E594007E67C6 /* ViewController.swift in Sources */,
				113B2DD51A35E594007E67C6 /* AppDelegate.swift in Sources */,
			);
			runOnlyForDeploymentPostprocessing = 0;
		};
		113B2DE01A35E594007E67C6 /* Sources */ = {
			isa = PBXSourcesBuildPhase;
			buildActionMask = 2147483647;
			files = (
				113B2DEB1A35E594007E67C6 /* PlayDiceTests.swift in Sources */,
			);
			runOnlyForDeploymentPostprocessing = 0;
		};
/* End PBXSourcesBuildPhase section */

/* Begin PBXTargetDependency section */
		113B2DE61A35E594007E67C6 /* PBXTargetDependency */ = {
			isa = PBXTargetDependency;
			target = 113B2DCE1A35E594007E67C6 /* PlayDice */;
			targetProxy = 113B2DE51A35E594007E67C6 /* PBXContainerItemProxy */;
		};
/* End PBXTargetDependency section */

/* Begin PBXVariantGroup section */
		113B2DD81A35E594007E67C6 /* Main.storyboard */ = {
			isa = PBXVariantGroup;
			children = (
				113B2DD91A35E594007E67C6 /* Base */,
			);
			name = Main.storyboard;
			sourceTree = "<group>";
		};
		113B2DDD1A35E594007E67C6 /* LaunchScreen.xib */ = {
			isa = PBXVariantGroup;
			children = (
				113B2DDE1A35E594007E67C6 /* Base */,
			);
			name = LaunchScreen.xib;
			sourceTree = "<group>";
		};
/* End PBXVariantGroup section */

/* Begin XCBuildConfiguration section */
		113B2DEC1A35E594007E67C6 /* Debug */ = {
			isa = XCBuildConfiguration;
			buildSettings = {
				ALWAYS_SEARCH_USER_PATHS = NO;
				CLANG_CXX_LANGUAGE_STANDARD = "gnu++0x";
				CLANG_CXX_LIBRARY = "libc++";
				CLANG_ENABLE_MODULES = YES;
				CLANG_ENABLE_OBJC_ARC = YES;
				CLANG_WARN_BOOL_CONVERSION = YES;
				CLANG_WARN_CONSTANT_CONVERSION = YES;
				CLANG_WARN_DIRECT_OBJC_ISA_USAGE = YES_ERROR;
				CLANG_WARN_EMPTY_BODY = YES;
				CLANG_WARN_ENUM_CONVERSION = YES;
				CLANG_WARN_INT_CONVERSION = YES;
				CLANG_WARN_OBJC_ROOT_CLASS = YES_ERROR;
				CLANG_WARN_UNREACHABLE_CODE = YES;
				CLANG_WARN__DUPLICATE_METHOD_MATCH = YES;
				"CODE_SIGN_IDENTITY[sdk=iphoneos*]" = "iPhone Developer";
				COPY_PHASE_STRIP = NO;
				ENABLE_STRICT_OBJC_MSGSEND = YES;
				GCC_C_LANGUAGE_STANDARD = gnu99;
				GCC_DYNAMIC_NO_PIC = NO;
				GCC_OPTIMIZATION_LEVEL = 0;
				GCC_PREPROCESSOR_DEFINITIONS = (
					"DEBUG=1",
					"$(inherited)",
				);
				GCC_SYMBOLS_PRIVATE_EXTERN = NO;
				GCC_WARN_64_TO_32_BIT_CONVERSION = YES;
				GCC_WARN_ABOUT_RETURN_TYPE = YES_ERROR;
				GCC_WARN_UNDECLARED_SELECTOR = YES;
				GCC_WARN_UNINITIALIZED_AUTOS = YES_AGGRESSIVE;
				GCC_WARN_UNUSED_FUNCTION = YES;
				GCC_WARN_UNUSED_VARIABLE = YES;
				IPHONEOS_DEPLOYMENT_TARGET = 8.1;
				MTL_ENABLE_DEBUG_INFO = YES;
				ONLY_ACTIVE_ARCH = YES;
				SDKROOT = iphoneos;
				SWIFT_OPTIMIZATION_LEVEL = "-Onone";
				TARGETED_DEVICE_FAMILY = "1,2";
			};
			name = Debug;
		};
		113B2DED1A35E594007E67C6 /* Release */ = {
			isa = XCBuildConfiguration;
			buildSettings = {
				ALWAYS_SEARCH_USER_PATHS = NO;
				CLANG_CXX_LANGUAGE_STANDARD = "gnu++0x";
				CLANG_CXX_LIBRARY = "libc++";
				CLANG_ENABLE_MODULES = YES;
				CLANG_ENABLE_OBJC_ARC = YES;
				CLANG_WARN_BOOL_CONVERSION = YES;
				CLANG_WARN_CONSTANT_CONVERSION = YES;
				CLANG_WARN_DIRECT_OBJC_ISA_USAGE = YES_ERROR;
				CLANG_WARN_EMPTY_BODY = YES;
				CLANG_WARN_ENUM_CONVERSION = YES;
				CLANG_WARN_INT_CONVERSION = YES;
				CLANG_WARN_OBJC_ROOT_CLASS = YES_ERROR;
				CLANG_WARN_UNREACHABLE_CODE = YES;
				CLANG_WARN__DUPLICATE_METHOD_MATCH = YES;
				"CODE_SIGN_IDENTITY[sdk=iphoneos*]" = "iPhone Developer";
				COPY_PHASE_STRIP = YES;
				ENABLE_NS_ASSERTIONS = NO;
				ENABLE_STRICT_OBJC_MSGSEND = YES;
				GCC_C_LANGUAGE_STANDARD = gnu99;
				GCC_WARN_64_TO_32_BIT_CONVERSION = YES;
				GCC_WARN_ABOUT_RETURN_TYPE = YES_ERROR;
				GCC_WARN_UNDECLARED_SELECTOR = YES;
				GCC_WARN_UNINITIALIZED_AUTOS = YES_AGGRESSIVE;
				GCC_WARN_UNUSED_FUNCTION = YES;
				GCC_WARN_UNUSED_VARIABLE = YES;
				IPHONEOS_DEPLOYMENT_TARGET = 8.1;
				MTL_ENABLE_DEBUG_INFO = NO;
				SDKROOT = iphoneos;
				TARGETED_DEVICE_FAMILY = "1,2";
				VALIDATE_PRODUCT = YES;
			};
			name = Release;
		};
		113B2DEF1A35E594007E67C6 /* Debug */ = {
			isa = XCBuildConfiguration;
			buildSettings = {
				ASSETCATALOG_COMPILER_APPICON_NAME = AppIcon;
				INFOPLIST_FILE = PlayDice/Info.plist;
				LD_RUNPATH_SEARCH_PATHS = "$(inherited) @executable_path/Frameworks";
				PRODUCT_NAME = "$(TARGET_NAME)";
			};
			name = Debug;
		};
		113B2DF01A35E594007E67C6 /* Release */ = {
			isa = XCBuildConfiguration;
			buildSettings = {
				ASSETCATALOG_COMPILER_APPICON_NAME = AppIcon;
				INFOPLIST_FILE = PlayDice/Info.plist;
				LD_RUNPATH_SEARCH_PATHS = "$(inherited) @executable_path/Frameworks";
				PRODUCT_NAME = "$(TARGET_NAME)";
			};
			name = Release;
		};
		113B2DF21A35E594007E67C6 /* Debug */ = {
			isa = XCBuildConfiguration;
			buildSettings = {
				BUNDLE_LOADER = "$(TEST_HOST)";
				FRAMEWORK_SEARCH_PATHS = (
					"$(SDKROOT)/Developer/Library/Frameworks",
					"$(inherited)",
				);
				GCC_PREPROCESSOR_DEFINITIONS = (
					"DEBUG=1",
					"$(inherited)",
				);
				INFOPLIST_FILE = PlayDiceTests/Info.plist;
				LD_RUNPATH_SEARCH_PATHS = "$(inherited) @executable_path/Frameworks @loader_path/Frameworks";
				PRODUCT_NAME = "$(TARGET_NAME)";
				TEST_HOST = "$(BUILT_PRODUCTS_DIR)/PlayDice.app/PlayDice";
			};
			name = Debug;
		};
		113B2DF31A35E594007E67C6 /* Release */ = {
			isa = XCBuildConfiguration;
			buildSettings = {
				BUNDLE_LOADER = "$(TEST_HOST)";
				FRAMEWORK_SEARCH_PATHS = (
					"$(SDKROOT)/Developer/Library/Frameworks",
					"$(inherited)",
				);
				INFOPLIST_FILE = PlayDiceTests/Info.plist;
				LD_RUNPATH_SEARCH_PATHS = "$(inherited) @executable_path/Frameworks @loader_path/Frameworks";
				PRODUCT_NAME = "$(TARGET_NAME)";
				TEST_HOST = "$(BUILT_PRODUCTS_DIR)/PlayDice.app/PlayDice";
			};
			name = Release;
		};
/* End XCBuildConfiguration section */

/* Begin XCConfigurationList section */
		113B2DCA1A35E594007E67C6 /* Build configuration list for PBXProject "PlayDice" */ = {
			isa = XCConfigurationList;
			buildConfigurations = (
				113B2DEC1A35E594007E67C6 /* Debug */,
				113B2DED1A35E594007E67C6 /* Release */,
			);
			defaultConfigurationIsVisible = 0;
			defaultConfigurationName = Release;
		};
		113B2DEE1A35E594007E67C6 /* Build configuration list for PBXNativeTarget "PlayDice" */ = {
			isa = XCConfigurationList;
			buildConfigurations = (
				113B2DEF1A35E594007E67C6 /* Debug */,
				113B2DF01A35E594007E67C6 /* Release */,
			);
			defaultConfigurationIsVisible = 0;
		};
		113B2DF11A35E594007E67C6 /* Build configuration list for PBXNativeTarget "PlayDiceTests" */ = {
			isa = XCConfigurationList;
			buildConfigurations = (
				113B2DF21A35E594007E67C6 /* Debug */,
				113B2DF31A35E594007E67C6 /* Release */,
			);
			defaultConfigurationIsVisible = 0;
		};
/* End XCConfigurationList section */
	};
	rootObject = 113B2DC71A35E594007E67C6 /* Project object */;
}
